
Microsoft Visual Studio Solution File, Format Version 12.00
# Visual Studio Version 17
VisualStudioVersion = 17.4.33205.214
MinimumVisualStudioVersion = 10.0.40219.1
Project("{9A19103F-16F7-4668-BE54-9A1E7A4F7556}") = "RefatorandoCodigo", "RefatorandoCodigo\RefatorandoCodigo.csproj", "{F6AC90B6-04A3-4474-88D5-AAEED8951139}"
EndProject
Project("{9A19103F-16F7-4668-BE54-9A1E7A4F7556}") = "Refatoracao", "TecnicasRefatoracao\Refatoracao.csproj", "{94F7F0EA-72DE-4412-91D4-0922505B5C79}"
EndProject
Project("{9A19103F-16F7-4668-BE54-9A1E7A4F7556}") = "RefatorandoOO", "TecnicasRefatoracaoOO\RefatorandoOO.csproj", "{46491A97-33D7-4897-837B-2E0C78EA36D2}"
EndProject
Global
	GlobalSection(SolutionConfigurationPlatforms) = preSolution
		Debug|Any CPU = Debug|Any CPU
		Release|Any CPU = Release|Any CPU
	EndGlobalSection
	GlobalSection(ProjectConfigurationPlatforms) = postSolution
		{F6AC90B6-04A3-4474-88D5-AAEED8951139}.Debug|Any CPU.ActiveCfg = Debug|Any CPU
		{F6AC90B6-04A3-4474-88D5-AAEED8951139}.Debug|Any CPU.Build.0 = Debug|Any CPU
		{F6AC90B6-04A3-4474-88D5-AAEED8951139}.Release|Any CPU.ActiveCfg = Release|Any CPU
		{F6AC90B6-04A3-4474-88D5-AAEED8951139}.Release|Any CPU.Build.0 = Release|Any CPU
		{94F7F0EA-72DE-4412-91D4-0922505B5C79}.Debug|Any CPU.ActiveCfg = Debug|Any CPU
		{94F7F0EA-72DE-4412-91D4-0922505B5C79}.Debug|Any CPU.Build.0 = Debug|Any CPU
		{94F7F0EA-72DE-4412-91D4-0922505B5C79}.Release|Any CPU.ActiveCfg = Release|Any CPU
		{94F7F0EA-72DE-4412-91D4-0922505B5C79}.Release|Any CPU.Build.0 = Release|Any CPU
		{46491A97-33D7-4897-837B-2E0C78EA36D2}.Debug|Any CPU.ActiveCfg = Debug|Any CPU
		{46491A97-33D7-4897-837B-2E0C78EA36D2}.Debug|Any CPU.Build.0 = Debug|Any CPU
		{46491A97-33D7-4897-837B-2E0C78EA36D2}.Release|Any CPU.ActiveCfg = Release|Any CPU
		{46491A97-33D7-4897-837B-2E0C78EA36D2}.Release|Any CPU.Build.0 = Release|Any CPU
	EndGlobalSection
	GlobalSection(SolutionProperties) = preSolution
		HideSolutionNode = FALSE
	EndGlobalSection
	GlobalSection(ExtensibilityGlobals) = postSolution
		SolutionGuid = {D7E20575-281A-4662-A466-FA1E5A69AE71}
	EndGlobalSection
EndGlobal
