
Microsoft Visual Studio Solution File, Format Version 12.00
# Visual Studio Version 17
VisualStudioVersion = 17.4.33205.214
MinimumVisualStudioVersion = 10.0.40219.1
Project("{9A19103F-16F7-4668-BE54-9A1E7A4F7556}") = "RefatorandoCodigo", "RefatorandoCodigo\RefatorandoCodigo.csproj", "{F6AC90B6-04A3-4474-88D5-AAEED8951139}"
EndProject
Project("{9A19103F-16F7-4668-BE54-9A1E7A4F7556}") = "Refatoracao", "TecnicasRefatoracao\Refatoracao.csproj", "{6AAA2699-897B-4B92-85DF-D2AF9A073A93}"
EndProject
Global
	GlobalSection(SolutionConfigurationPlatforms) = preSolution
		Debug|Any CPU = Debug|Any CPU
		Release|Any CPU = Release|Any CPU
	EndGlobalSection
	GlobalSection(ProjectConfigurationPlatforms) = postSolution
		{F6AC90B6-04A3-4474-88D5-AAEED8951139}.Debug|Any CPU.ActiveCfg = Debug|Any CPU
		{F6AC90B6-04A3-4474-88D5-AAEED8951139}.Debug|Any CPU.Build.0 = Debug|Any CPU
		{F6AC90B6-04A3-4474-88D5-AAEED8951139}.Release|Any CPU.ActiveCfg = Release|Any CPU
		{F6AC90B6-04A3-4474-88D5-AAEED8951139}.Release|Any CPU.Build.0 = Release|Any CPU
		{6AAA2699-897B-4B92-85DF-D2AF9A073A93}.Debug|Any CPU.ActiveCfg = Debug|Any CPU
		{6AAA2699-897B-4B92-85DF-D2AF9A073A93}.Debug|Any CPU.Build.0 = Debug|Any CPU
		{6AAA2699-897B-4B92-85DF-D2AF9A073A93}.Release|Any CPU.ActiveCfg = Release|Any CPU
		{6AAA2699-897B-4B92-85DF-D2AF9A073A93}.Release|Any CPU.Build.0 = Release|Any CPU
	EndGlobalSection
	GlobalSection(SolutionProperties) = preSolution
		HideSolutionNode = FALSE
	EndGlobalSection
	GlobalSection(ExtensibilityGlobals) = postSolution
		SolutionGuid = {D7E20575-281A-4662-A466-FA1E5A69AE71}
	EndGlobalSection
EndGlobal
